
Microsoft Visual Studio Solution File, Format Version 12.00
# Visual Studio Version 17
VisualStudioVersion = 17.0.32014.148
MinimumVisualStudioVersion = 10.0.40219.1
Project("{FAE04EC0-301F-11D3-BF4B-00C04F79EFBC}") = "management sstem", "management sstem.csproj", "{69FD8781-6A18-4ECF-A3AA-F1E0CB6E435C}"
EndProject
Global
	GlobalSection(SolutionConfigurationPlatforms) = preSolution
		Debug|Any CPU = Debug|Any CPU
		Release|Any CPU = Release|Any CPU
	EndGlobalSection
	GlobalSection(ProjectConfigurationPlatforms) = postSolution
		{69FD8781-6A18-4ECF-A3AA-F1E0CB6E435C}.Debug|Any CPU.ActiveCfg = Debug|Any CPU
		{69FD8781-6A18-4ECF-A3AA-F1E0CB6E435C}.Debug|Any CPU.Build.0 = Debug|Any CPU
		{69FD8781-6A18-4ECF-A3AA-F1E0CB6E435C}.Release|Any CPU.ActiveCfg = Release|Any CPU
		{69FD8781-6A18-4ECF-A3AA-F1E0CB6E435C}.Release|Any CPU.Build.0 = Release|Any CPU
	EndGlobalSection
	GlobalSection(SolutionProperties) = preSolution
		HideSolutionNode = FALSE
	EndGlobalSection
	GlobalSection(ExtensibilityGlobals) = postSolution
		SolutionGuid = {83C50B53-724D-405D-8864-2432132F2FF9}
	EndGlobalSection
EndGlobal
